// !$*UTF8*$!
{
	archiveVersion = 1;
	classes = {
	};
	objectVersion = 46;
	objects = {

/* Begin PBXBuildFile section */
		180FA4EA1FF4C9FE00AFB5F9 /* libz.tbd in Frameworks */ = {isa = PBXBuildFile; fileRef = 180FA4E91FF4C9FE00AFB5F9 /* libz.tbd */; };
		180FA4EC1FF4CA0700AFB5F9 /* libbz2.tbd in Frameworks */ = {isa = PBXBuildFile; fileRef = 180FA4EB1FF4CA0700AFB5F9 /* libbz2.tbd */; };
		180FA4EE1FF4CA0D00AFB5F9 /* CoreVideo.framework in Frameworks */ = {isa = PBXBuildFile; fileRef = 180FA4ED1FF4CA0D00AFB5F9 /* CoreVideo.framework */; };
		180FA4F01FF4CA1700AFB5F9 /* CoreAudio.framework in Frameworks */ = {isa = PBXBuildFile; fileRef = 180FA4EF1FF4CA1700AFB5F9 /* CoreAudio.framework */; };
		180FA4F21FF4CA1E00AFB5F9 /* MobileCoreServices.framework in Frameworks */ = {isa = PBXBuildFile; fileRef = 180FA4F11FF4CA1E00AFB5F9 /* MobileCoreServices.framework */; };
		180FA4F41FF4CA2400AFB5F9 /* OpenGLES.framework in Frameworks */ = {isa = PBXBuildFile; fileRef = 180FA4F31FF4CA2400AFB5F9 /* OpenGLES.framework */; };
		180FA4F61FF4CA3000AFB5F9 /* VideoToolbox.framework in Frameworks */ = {isa = PBXBuildFile; fileRef = 180FA4F51FF4CA3000AFB5F9 /* VideoToolbox.framework */; };
		180FA4F81FF4CA3600AFB5F9 /* CoreMedia.framework in Frameworks */ = {isa = PBXBuildFile; fileRef = 180FA4F71FF4CA3600AFB5F9 /* CoreMedia.framework */; };
		180FA4FB1FF4CB2700AFB5F9 /* libiconv.tbd in Frameworks */ = {isa = PBXBuildFile; fileRef = 180FA4FA1FF4CB2700AFB5F9 /* libiconv.tbd */; };
		180FA4FD1FF4CB3300AFB5F9 /* AVFoundation.framework in Frameworks */ = {isa = PBXBuildFile; fileRef = 180FA4FC1FF4CB3300AFB5F9 /* AVFoundation.framework */; };
		180FA4FF1FF4CB4400AFB5F9 /* GLKit.framework in Frameworks */ = {isa = PBXBuildFile; fileRef = 180FA4FE1FF4CB4400AFB5F9 /* GLKit.framework */; };
		180FA5011FF4CB9600AFB5F9 /* AudioToolbox.framework in Frameworks */ = {isa = PBXBuildFile; fileRef = 180FA5001FF4CB9600AFB5F9 /* AudioToolbox.framework */; };
		180FA5041FF4D16800AFB5F9 /* Decoder.cpp in Sources */ = {isa = PBXBuildFile; fileRef = 180FA5021FF4D16800AFB5F9 /* Decoder.cpp */; };
		18415A1B1FF5D5F6007095AC /* UnitTest.mm in Sources */ = {isa = PBXBuildFile; fileRef = 18415A1A1FF5D5F6007095AC /* UnitTest.mm */; };
		18415A2A1FF6130D007095AC /* frameDisplay.fs in Resources */ = {isa = PBXBuildFile; fileRef = 18415A221FF6130D007095AC /* frameDisplay.fs */; };
		18415A2B1FF6130D007095AC /* frameDisplay.vs in Resources */ = {isa = PBXBuildFile; fileRef = 18415A231FF6130D007095AC /* frameDisplay.vs */; };
		18415A2C1FF6130D007095AC /* TFGLView.m in Sources */ = {isa = PBXBuildFile; fileRef = 18415A251FF6130D007095AC /* TFGLView.m */; };
		18415A2D1FF6130D007095AC /* TFOPGLESDisplayView.mm in Sources */ = {isa = PBXBuildFile; fileRef = 18415A271FF6130D007095AC /* TFOPGLESDisplayView.mm */; };
		18415A2E1FF6130D007095AC /* TFOPGLProgram.cpp in Sources */ = {isa = PBXBuildFile; fileRef = 18415A281FF6130D007095AC /* TFOPGLProgram.cpp */; };
		18415A321FF62110007095AC /* DisplayController.cpp in Sources */ = {isa = PBXBuildFile; fileRef = 18415A301FF62110007095AC /* DisplayController.cpp */; };
		18415A351FF62648007095AC /* SyncClock.cpp in Sources */ = {isa = PBXBuildFile; fileRef = 18415A331FF62648007095AC /* SyncClock.cpp */; };
		18415A381FF64126007095AC /* TFMediaPlayer.mm in Sources */ = {isa = PBXBuildFile; fileRef = 18415A371FF64126007095AC /* TFMediaPlayer.mm */; };
		184FF73D1FF48A95007D5826 /* libavcodec.a in Frameworks */ = {isa = PBXBuildFile; fileRef = 184FF72E1FF48A95007D5826 /* libavcodec.a */; };
		184FF73E1FF48A95007D5826 /* libavdevice.a in Frameworks */ = {isa = PBXBuildFile; fileRef = 184FF72F1FF48A95007D5826 /* libavdevice.a */; };
		184FF73F1FF48A95007D5826 /* libavfilter.a in Frameworks */ = {isa = PBXBuildFile; fileRef = 184FF7301FF48A95007D5826 /* libavfilter.a */; };
		184FF7401FF48A95007D5826 /* libavformat.a in Frameworks */ = {isa = PBXBuildFile; fileRef = 184FF7311FF48A95007D5826 /* libavformat.a */; };
		184FF7411FF48A95007D5826 /* libavutil.a in Frameworks */ = {isa = PBXBuildFile; fileRef = 184FF7321FF48A95007D5826 /* libavutil.a */; settings = {ATTRIBUTES = (Required, ); }; };
		184FF7421FF48A95007D5826 /* libswresample.a in Frameworks */ = {isa = PBXBuildFile; fileRef = 184FF7331FF48A95007D5826 /* libswresample.a */; };
		184FF7431FF48A95007D5826 /* libswscale.a in Frameworks */ = {isa = PBXBuildFile; fileRef = 184FF7341FF48A95007D5826 /* libswscale.a */; };
		184FF74D1FF48B22007D5826 /* TFLocalMp4ViewController.m in Sources */ = {isa = PBXBuildFile; fileRef = 184FF74C1FF48B22007D5826 /* TFLocalMp4ViewController.m */; };
		184FF7511FF48BC0007D5826 /* game.mp4 in Resources */ = {isa = PBXBuildFile; fileRef = 184FF7501FF48BC0007D5826 /* game.mp4 */; };
		185EB3311FF5CD22001E37F7 /* TFMediaPlayerTests.mm in Sources */ = {isa = PBXBuildFile; fileRef = 185EB3301FF5CD22001E37F7 /* TFMediaPlayerTests.mm */; };
		18C66D9A1FF0F1F6002BFBBC /* main.m in Sources */ = {isa = PBXBuildFile; fileRef = 18C66D991FF0F1F6002BFBBC /* main.m */; };
		18C66D9D1FF0F1F6002BFBBC /* AppDelegate.m in Sources */ = {isa = PBXBuildFile; fileRef = 18C66D9C1FF0F1F6002BFBBC /* AppDelegate.m */; };
		18C66DA31FF0F1F6002BFBBC /* Main.storyboard in Resources */ = {isa = PBXBuildFile; fileRef = 18C66DA11FF0F1F6002BFBBC /* Main.storyboard */; };
		18C66DA51FF0F1F6002BFBBC /* Assets.xcassets in Resources */ = {isa = PBXBuildFile; fileRef = 18C66DA41FF0F1F6002BFBBC /* Assets.xcassets */; };
		18C66DA81FF0F1F6002BFBBC /* LaunchScreen.storyboard in Resources */ = {isa = PBXBuildFile; fileRef = 18C66DA61FF0F1F6002BFBBC /* LaunchScreen.storyboard */; };
		18C66DC91FF0F5A2002BFBBC /* PlayController.cpp in Sources */ = {isa = PBXBuildFile; fileRef = 18C66DC71FF0F5A2002BFBBC /* PlayController.cpp */; };
		18C66DCF1FF0F84B002BFBBC /* ExampleMenuViewController.m in Sources */ = {isa = PBXBuildFile; fileRef = 18C66DCE1FF0F84B002BFBBC /* ExampleMenuViewController.m */; };
		18C66DD21FF0F96F002BFBBC /* TFNetMp4PlayViewController.m in Sources */ = {isa = PBXBuildFile; fileRef = 18C66DD11FF0F96F002BFBBC /* TFNetMp4PlayViewController.m */; };
/* End PBXBuildFile section */

/* Begin PBXContainerItemProxy section */
		185EB3331FF5CD22001E37F7 /* PBXContainerItemProxy */ = {
			isa = PBXContainerItemProxy;
			containerPortal = 18C66D8D1FF0F1F6002BFBBC /* Project object */;
			proxyType = 1;
			remoteGlobalIDString = 18C66D941FF0F1F6002BFBBC;
			remoteInfo = TFMediaPlayer;
		};
/* End PBXContainerItemProxy section */

/* Begin PBXFileReference section */
		180FA4E91FF4C9FE00AFB5F9 /* libz.tbd */ = {isa = PBXFileReference; lastKnownFileType = "sourcecode.text-based-dylib-definition"; name = libz.tbd; path = usr/lib/libz.tbd; sourceTree = SDKROOT; };
		180FA4EB1FF4CA0700AFB5F9 /* libbz2.tbd */ = {isa = PBXFileReference; lastKnownFileType = "sourcecode.text-based-dylib-definition"; name = libbz2.tbd; path = usr/lib/libbz2.tbd; sourceTree = SDKROOT; };
		180FA4ED1FF4CA0D00AFB5F9 /* CoreVideo.framework */ = {isa = PBXFileReference; lastKnownFileType = wrapper.framework; name = CoreVideo.framework; path = System/Library/Frameworks/CoreVideo.framework; sourceTree = SDKROOT; };
		180FA4EF1FF4CA1700AFB5F9 /* CoreAudio.framework */ = {isa = PBXFileReference; lastKnownFileType = wrapper.framework; name = CoreAudio.framework; path = System/Library/Frameworks/CoreAudio.framework; sourceTree = SDKROOT; };
		180FA4F11FF4CA1E00AFB5F9 /* MobileCoreServices.framework */ = {isa = PBXFileReference; lastKnownFileType = wrapper.framework; name = MobileCoreServices.framework; path = System/Library/Frameworks/MobileCoreServices.framework; sourceTree = SDKROOT; };
		180FA4F31FF4CA2400AFB5F9 /* OpenGLES.framework */ = {isa = PBXFileReference; lastKnownFileType = wrapper.framework; name = OpenGLES.framework; path = System/Library/Frameworks/OpenGLES.framework; sourceTree = SDKROOT; };
		180FA4F51FF4CA3000AFB5F9 /* VideoToolbox.framework */ = {isa = PBXFileReference; lastKnownFileType = wrapper.framework; name = VideoToolbox.framework; path = System/Library/Frameworks/VideoToolbox.framework; sourceTree = SDKROOT; };
		180FA4F71FF4CA3600AFB5F9 /* CoreMedia.framework */ = {isa = PBXFileReference; lastKnownFileType = wrapper.framework; name = CoreMedia.framework; path = System/Library/Frameworks/CoreMedia.framework; sourceTree = SDKROOT; };
		180FA4FA1FF4CB2700AFB5F9 /* libiconv.tbd */ = {isa = PBXFileReference; lastKnownFileType = "sourcecode.text-based-dylib-definition"; name = libiconv.tbd; path = usr/lib/libiconv.tbd; sourceTree = SDKROOT; };
		180FA4FC1FF4CB3300AFB5F9 /* AVFoundation.framework */ = {isa = PBXFileReference; lastKnownFileType = wrapper.framework; name = AVFoundation.framework; path = System/Library/Frameworks/AVFoundation.framework; sourceTree = SDKROOT; };
		180FA4FE1FF4CB4400AFB5F9 /* GLKit.framework */ = {isa = PBXFileReference; lastKnownFileType = wrapper.framework; name = GLKit.framework; path = System/Library/Frameworks/GLKit.framework; sourceTree = SDKROOT; };
		180FA5001FF4CB9600AFB5F9 /* AudioToolbox.framework */ = {isa = PBXFileReference; lastKnownFileType = wrapper.framework; name = AudioToolbox.framework; path = System/Library/Frameworks/AudioToolbox.framework; sourceTree = SDKROOT; };
		180FA5021FF4D16800AFB5F9 /* Decoder.cpp */ = {isa = PBXFileReference; fileEncoding = 4; lastKnownFileType = sourcecode.cpp.cpp; path = Decoder.cpp; sourceTree = "<group>"; };
		180FA5031FF4D16800AFB5F9 /* Decoder.hpp */ = {isa = PBXFileReference; fileEncoding = 4; lastKnownFileType = sourcecode.cpp.h; path = Decoder.hpp; sourceTree = "<group>"; };
		180FA5051FF4DBA100AFB5F9 /* ThreadConvience.h */ = {isa = PBXFileReference; lastKnownFileType = sourcecode.c.h; path = ThreadConvience.h; sourceTree = "<group>"; };
		180FA50A1FF4EA8200AFB5F9 /* RecycleBuffer.hpp */ = {isa = PBXFileReference; fileEncoding = 4; lastKnownFileType = sourcecode.cpp.h; path = RecycleBuffer.hpp; sourceTree = "<group>"; };
		18415A191FF5D5F6007095AC /* UnitTest.h */ = {isa = PBXFileReference; fileEncoding = 4; lastKnownFileType = sourcecode.c.h; path = UnitTest.h; sourceTree = "<group>"; };
		18415A1A1FF5D5F6007095AC /* UnitTest.mm */ = {isa = PBXFileReference; fileEncoding = 4; lastKnownFileType = sourcecode.cpp.objcpp; path = UnitTest.mm; sourceTree = "<group>"; };
		18415A221FF6130D007095AC /* frameDisplay.fs */ = {isa = PBXFileReference; fileEncoding = 4; lastKnownFileType = sourcecode.glsl; path = frameDisplay.fs; sourceTree = "<group>"; };
		18415A231FF6130D007095AC /* frameDisplay.vs */ = {isa = PBXFileReference; fileEncoding = 4; lastKnownFileType = sourcecode.glsl; path = frameDisplay.vs; sourceTree = "<group>"; };
		18415A241FF6130D007095AC /* TFGLView.h */ = {isa = PBXFileReference; fileEncoding = 4; lastKnownFileType = sourcecode.c.h; path = TFGLView.h; sourceTree = "<group>"; };
		18415A251FF6130D007095AC /* TFGLView.m */ = {isa = PBXFileReference; fileEncoding = 4; lastKnownFileType = sourcecode.c.objc; path = TFGLView.m; sourceTree = "<group>"; };
		18415A261FF6130D007095AC /* TFOPGLESDisplayView.h */ = {isa = PBXFileReference; fileEncoding = 4; lastKnownFileType = sourcecode.c.h; path = TFOPGLESDisplayView.h; sourceTree = "<group>"; };
		18415A271FF6130D007095AC /* TFOPGLESDisplayView.mm */ = {isa = PBXFileReference; fileEncoding = 4; lastKnownFileType = sourcecode.cpp.objcpp; path = TFOPGLESDisplayView.mm; sourceTree = "<group>"; };
		18415A281FF6130D007095AC /* TFOPGLProgram.cpp */ = {isa = PBXFileReference; fileEncoding = 4; lastKnownFileType = sourcecode.cpp.cpp; path = TFOPGLProgram.cpp; sourceTree = "<group>"; };
		18415A291FF6130D007095AC /* TFOPGLProgram.hpp */ = {isa = PBXFileReference; fileEncoding = 4; lastKnownFileType = sourcecode.cpp.h; path = TFOPGLProgram.hpp; sourceTree = "<group>"; };
		18415A2F1FF61B90007095AC /* VideoFormat.h */ = {isa = PBXFileReference; lastKnownFileType = sourcecode.c.h; path = VideoFormat.h; sourceTree = "<group>"; };
		18415A301FF62110007095AC /* DisplayController.cpp */ = {isa = PBXFileReference; fileEncoding = 4; lastKnownFileType = sourcecode.cpp.cpp; path = DisplayController.cpp; sourceTree = "<group>"; };
		18415A311FF62110007095AC /* DisplayController.hpp */ = {isa = PBXFileReference; fileEncoding = 4; lastKnownFileType = sourcecode.cpp.h; path = DisplayController.hpp; sourceTree = "<group>"; };
		18415A331FF62648007095AC /* SyncClock.cpp */ = {isa = PBXFileReference; fileEncoding = 4; lastKnownFileType = sourcecode.cpp.cpp; path = SyncClock.cpp; sourceTree = "<group>"; };
		18415A341FF62648007095AC /* SyncClock.hpp */ = {isa = PBXFileReference; fileEncoding = 4; lastKnownFileType = sourcecode.cpp.h; path = SyncClock.hpp; sourceTree = "<group>"; };
		18415A361FF64126007095AC /* TFMediaPlayer.h */ = {isa = PBXFileReference; fileEncoding = 4; lastKnownFileType = sourcecode.c.h; path = TFMediaPlayer.h; sourceTree = "<group>"; };
		18415A371FF64126007095AC /* TFMediaPlayer.mm */ = {isa = PBXFileReference; fileEncoding = 4; lastKnownFileType = sourcecode.cpp.objcpp; path = TFMediaPlayer.mm; sourceTree = "<group>"; };
		184FF6BD1FF48A95007D5826 /* avcodec.h */ = {isa = PBXFileReference; fileEncoding = 4; lastKnownFileType = sourcecode.c.h; path = avcodec.h; sourceTree = "<group>"; };
		184FF6BE1FF48A95007D5826 /* avdct.h */ = {isa = PBXFileReference; fileEncoding = 4; lastKnownFileType = sourcecode.c.h; path = avdct.h; sourceTree = "<group>"; };
		184FF6BF1FF48A95007D5826 /* avfft.h */ = {isa = PBXFileReference; fileEncoding = 4; lastKnownFileType = sourcecode.c.h; path = avfft.h; sourceTree = "<group>"; };
		184FF6C01FF48A95007D5826 /* d3d11va.h */ = {isa = PBXFileReference; fileEncoding = 4; lastKnownFileType = sourcecode.c.h; path = d3d11va.h; sourceTree = "<group>"; };
		184FF6C11FF48A95007D5826 /* dirac.h */ = {isa = PBXFileReference; fileEncoding = 4; lastKnownFileType = sourcecode.c.h; path = dirac.h; sourceTree = "<group>"; };
		184FF6C21FF48A95007D5826 /* dv_profile.h */ = {isa = PBXFileReference; fileEncoding = 4; lastKnownFileType = sourcecode.c.h; path = dv_profile.h; sourceTree = "<group>"; };
		184FF6C31FF48A95007D5826 /* dxva2.h */ = {isa = PBXFileReference; fileEncoding = 4; lastKnownFileType = sourcecode.c.h; path = dxva2.h; sourceTree = "<group>"; };
		184FF6C41FF48A95007D5826 /* jni.h */ = {isa = PBXFileReference; fileEncoding = 4; lastKnownFileType = sourcecode.c.h; path = jni.h; sourceTree = "<group>"; };
		184FF6C51FF48A95007D5826 /* mediacodec.h */ = {isa = PBXFileReference; fileEncoding = 4; lastKnownFileType = sourcecode.c.h; path = mediacodec.h; sourceTree = "<group>"; };
		184FF6C61FF48A95007D5826 /* qsv.h */ = {isa = PBXFileReference; fileEncoding = 4; lastKnownFileType = sourcecode.c.h; path = qsv.h; sourceTree = "<group>"; };
		184FF6C71FF48A95007D5826 /* vaapi.h */ = {isa = PBXFileReference; fileEncoding = 4; lastKnownFileType = sourcecode.c.h; path = vaapi.h; sourceTree = "<group>"; };
		184FF6C81FF48A95007D5826 /* vda.h */ = {isa = PBXFileReference; fileEncoding = 4; lastKnownFileType = sourcecode.c.h; path = vda.h; sourceTree = "<group>"; };
		184FF6C91FF48A95007D5826 /* vdpau.h */ = {isa = PBXFileReference; fileEncoding = 4; lastKnownFileType = sourcecode.c.h; path = vdpau.h; sourceTree = "<group>"; };
		184FF6CA1FF48A95007D5826 /* version.h */ = {isa = PBXFileReference; fileEncoding = 4; lastKnownFileType = sourcecode.c.h; path = version.h; sourceTree = "<group>"; };
		184FF6CB1FF48A95007D5826 /* videotoolbox.h */ = {isa = PBXFileReference; fileEncoding = 4; lastKnownFileType = sourcecode.c.h; path = videotoolbox.h; sourceTree = "<group>"; };
		184FF6CC1FF48A95007D5826 /* vorbis_parser.h */ = {isa = PBXFileReference; fileEncoding = 4; lastKnownFileType = sourcecode.c.h; path = vorbis_parser.h; sourceTree = "<group>"; };
		184FF6CD1FF48A95007D5826 /* xvmc.h */ = {isa = PBXFileReference; fileEncoding = 4; lastKnownFileType = sourcecode.c.h; path = xvmc.h; sourceTree = "<group>"; };
		184FF6CF1FF48A95007D5826 /* avdevice.h */ = {isa = PBXFileReference; fileEncoding = 4; lastKnownFileType = sourcecode.c.h; path = avdevice.h; sourceTree = "<group>"; };
		184FF6D01FF48A95007D5826 /* version.h */ = {isa = PBXFileReference; fileEncoding = 4; lastKnownFileType = sourcecode.c.h; path = version.h; sourceTree = "<group>"; };
		184FF6D21FF48A95007D5826 /* avfilter.h */ = {isa = PBXFileReference; fileEncoding = 4; lastKnownFileType = sourcecode.c.h; path = avfilter.h; sourceTree = "<group>"; };
		184FF6D31FF48A95007D5826 /* avfiltergraph.h */ = {isa = PBXFileReference; fileEncoding = 4; lastKnownFileType = sourcecode.c.h; path = avfiltergraph.h; sourceTree = "<group>"; };
		184FF6D41FF48A95007D5826 /* buffersink.h */ = {isa = PBXFileReference; fileEncoding = 4; lastKnownFileType = sourcecode.c.h; path = buffersink.h; sourceTree = "<group>"; };
		184FF6D51FF48A95007D5826 /* buffersrc.h */ = {isa = PBXFileReference; fileEncoding = 4; lastKnownFileType = sourcecode.c.h; path = buffersrc.h; sourceTree = "<group>"; };
		184FF6D61FF48A95007D5826 /* version.h */ = {isa = PBXFileReference; fileEncoding = 4; lastKnownFileType = sourcecode.c.h; path = version.h; sourceTree = "<group>"; };
		184FF6D81FF48A95007D5826 /* avformat.h */ = {isa = PBXFileReference; fileEncoding = 4; lastKnownFileType = sourcecode.c.h; path = avformat.h; sourceTree = "<group>"; };
		184FF6D91FF48A95007D5826 /* avio.h */ = {isa = PBXFileReference; fileEncoding = 4; lastKnownFileType = sourcecode.c.h; path = avio.h; sourceTree = "<group>"; };
		184FF6DA1FF48A95007D5826 /* version.h */ = {isa = PBXFileReference; fileEncoding = 4; lastKnownFileType = sourcecode.c.h; path = version.h; sourceTree = "<group>"; };
		184FF6DC1FF48A95007D5826 /* adler32.h */ = {isa = PBXFileReference; fileEncoding = 4; lastKnownFileType = sourcecode.c.h; path = adler32.h; sourceTree = "<group>"; };
		184FF6DD1FF48A95007D5826 /* aes.h */ = {isa = PBXFileReference; fileEncoding = 4; lastKnownFileType = sourcecode.c.h; path = aes.h; sourceTree = "<group>"; };
		184FF6DE1FF48A95007D5826 /* aes_ctr.h */ = {isa = PBXFileReference; fileEncoding = 4; lastKnownFileType = sourcecode.c.h; path = aes_ctr.h; sourceTree = "<group>"; };
		184FF6DF1FF48A95007D5826 /* attributes.h */ = {isa = PBXFileReference; fileEncoding = 4; lastKnownFileType = sourcecode.c.h; path = attributes.h; sourceTree = "<group>"; };
		184FF6E01FF48A95007D5826 /* audio_fifo.h */ = {isa = PBXFileReference; fileEncoding = 4; lastKnownFileType = sourcecode.c.h; path = audio_fifo.h; sourceTree = "<group>"; };
		184FF6E11FF48A95007D5826 /* avassert.h */ = {isa = PBXFileReference; fileEncoding = 4; lastKnownFileType = sourcecode.c.h; path = avassert.h; sourceTree = "<group>"; };
		184FF6E21FF48A95007D5826 /* avconfig.h */ = {isa = PBXFileReference; fileEncoding = 4; lastKnownFileType = sourcecode.c.h; path = avconfig.h; sourceTree = "<group>"; };
		184FF6E31FF48A95007D5826 /* avstring.h */ = {isa = PBXFileReference; fileEncoding = 4; lastKnownFileType = sourcecode.c.h; path = avstring.h; sourceTree = "<group>"; };
		184FF6E41FF48A95007D5826 /* avutil.h */ = {isa = PBXFileReference; fileEncoding = 4; lastKnownFileType = sourcecode.c.h; path = avutil.h; sourceTree = "<group>"; };
		184FF6E51FF48A95007D5826 /* base64.h */ = {isa = PBXFileReference; fileEncoding = 4; lastKnownFileType = sourcecode.c.h; path = base64.h; sourceTree = "<group>"; };
		184FF6E61FF48A95007D5826 /* blowfish.h */ = {isa = PBXFileReference; fileEncoding = 4; lastKnownFileType = sourcecode.c.h; path = blowfish.h; sourceTree = "<group>"; };
		184FF6E71FF48A95007D5826 /* bprint.h */ = {isa = PBXFileReference; fileEncoding = 4; lastKnownFileType = sourcecode.c.h; path = bprint.h; sourceTree = "<group>"; };
		184FF6E81FF48A95007D5826 /* bswap.h */ = {isa = PBXFileReference; fileEncoding = 4; lastKnownFileType = sourcecode.c.h; path = bswap.h; sourceTree = "<group>"; };
		184FF6E91FF48A95007D5826 /* buffer.h */ = {isa = PBXFileReference; fileEncoding = 4; lastKnownFileType = sourcecode.c.h; path = buffer.h; sourceTree = "<group>"; };
		184FF6EA1FF48A95007D5826 /* camellia.h */ = {isa = PBXFileReference; fileEncoding = 4; lastKnownFileType = sourcecode.c.h; path = camellia.h; sourceTree = "<group>"; };
		184FF6EB1FF48A95007D5826 /* cast5.h */ = {isa = PBXFileReference; fileEncoding = 4; lastKnownFileType = sourcecode.c.h; path = cast5.h; sourceTree = "<group>"; };
		184FF6EC1FF48A95007D5826 /* channel_layout.h */ = {isa = PBXFileReference; fileEncoding = 4; lastKnownFileType = sourcecode.c.h; path = channel_layout.h; sourceTree = "<group>"; };
		184FF6ED1FF48A95007D5826 /* common.h */ = {isa = PBXFileReference; fileEncoding = 4; lastKnownFileType = sourcecode.c.h; path = common.h; sourceTree = "<group>"; };
		184FF6EE1FF48A95007D5826 /* cpu.h */ = {isa = PBXFileReference; fileEncoding = 4; lastKnownFileType = sourcecode.c.h; path = cpu.h; sourceTree = "<group>"; };
		184FF6EF1FF48A95007D5826 /* crc.h */ = {isa = PBXFileReference; fileEncoding = 4; lastKnownFileType = sourcecode.c.h; path = crc.h; sourceTree = "<group>"; };
		184FF6F01FF48A95007D5826 /* des.h */ = {isa = PBXFileReference; fileEncoding = 4; lastKnownFileType = sourcecode.c.h; path = des.h; sourceTree = "<group>"; };
		184FF6F11FF48A95007D5826 /* dict.h */ = {isa = PBXFileReference; fileEncoding = 4; lastKnownFileType = sourcecode.c.h; path = dict.h; sourceTree = "<group>"; };
		184FF6F21FF48A95007D5826 /* display.h */ = {isa = PBXFileReference; fileEncoding = 4; lastKnownFileType = sourcecode.c.h; path = display.h; sourceTree = "<group>"; };
		184FF6F31FF48A95007D5826 /* downmix_info.h */ = {isa = PBXFileReference; fileEncoding = 4; lastKnownFileType = sourcecode.c.h; path = downmix_info.h; sourceTree = "<group>"; };
		184FF6F41FF48A95007D5826 /* error.h */ = {isa = PBXFileReference; fileEncoding = 4; lastKnownFileType = sourcecode.c.h; path = error.h; sourceTree = "<group>"; };
		184FF6F51FF48A95007D5826 /* eval.h */ = {isa = PBXFileReference; fileEncoding = 4; lastKnownFileType = sourcecode.c.h; path = eval.h; sourceTree = "<group>"; };
		184FF6F61FF48A95007D5826 /* ffversion.h */ = {isa = PBXFileReference; fileEncoding = 4; lastKnownFileType = sourcecode.c.h; path = ffversion.h; sourceTree = "<group>"; };
		184FF6F71FF48A95007D5826 /* fifo.h */ = {isa = PBXFileReference; fileEncoding = 4; lastKnownFileType = sourcecode.c.h; path = fifo.h; sourceTree = "<group>"; };
		184FF6F81FF48A95007D5826 /* file.h */ = {isa = PBXFileReference; fileEncoding = 4; lastKnownFileType = sourcecode.c.h; path = file.h; sourceTree = "<group>"; };
		184FF6F91FF48A95007D5826 /* frame.h */ = {isa = PBXFileReference; fileEncoding = 4; lastKnownFileType = sourcecode.c.h; path = frame.h; sourceTree = "<group>"; };
		184FF6FA1FF48A95007D5826 /* hash.h */ = {isa = PBXFileReference; fileEncoding = 4; lastKnownFileType = sourcecode.c.h; path = hash.h; sourceTree = "<group>"; };
		184FF6FB1FF48A95007D5826 /* hmac.h */ = {isa = PBXFileReference; fileEncoding = 4; lastKnownFileType = sourcecode.c.h; path = hmac.h; sourceTree = "<group>"; };
		184FF6FC1FF48A95007D5826 /* hwcontext.h */ = {isa = PBXFileReference; fileEncoding = 4; lastKnownFileType = sourcecode.c.h; path = hwcontext.h; sourceTree = "<group>"; };
		184FF6FD1FF48A95007D5826 /* hwcontext_cuda.h */ = {isa = PBXFileReference; fileEncoding = 4; lastKnownFileType = sourcecode.c.h; path = hwcontext_cuda.h; sourceTree = "<group>"; };
		184FF6FE1FF48A95007D5826 /* hwcontext_dxva2.h */ = {isa = PBXFileReference; fileEncoding = 4; lastKnownFileType = sourcecode.c.h; path = hwcontext_dxva2.h; sourceTree = "<group>"; };
		184FF6FF1FF48A95007D5826 /* hwcontext_qsv.h */ = {isa = PBXFileReference; fileEncoding = 4; lastKnownFileType = sourcecode.c.h; path = hwcontext_qsv.h; sourceTree = "<group>"; };
		184FF7001FF48A95007D5826 /* hwcontext_vaapi.h */ = {isa = PBXFileReference; fileEncoding = 4; lastKnownFileType = sourcecode.c.h; path = hwcontext_vaapi.h; sourceTree = "<group>"; };
		184FF7011FF48A95007D5826 /* hwcontext_vdpau.h */ = {isa = PBXFileReference; fileEncoding = 4; lastKnownFileType = sourcecode.c.h; path = hwcontext_vdpau.h; sourceTree = "<group>"; };
		184FF7021FF48A95007D5826 /* imgutils.h */ = {isa = PBXFileReference; fileEncoding = 4; lastKnownFileType = sourcecode.c.h; path = imgutils.h; sourceTree = "<group>"; };
		184FF7031FF48A95007D5826 /* intfloat.h */ = {isa = PBXFileReference; fileEncoding = 4; lastKnownFileType = sourcecode.c.h; path = intfloat.h; sourceTree = "<group>"; };
		184FF7041FF48A95007D5826 /* intreadwrite.h */ = {isa = PBXFileReference; fileEncoding = 4; lastKnownFileType = sourcecode.c.h; path = intreadwrite.h; sourceTree = "<group>"; };
		184FF7051FF48A95007D5826 /* lfg.h */ = {isa = PBXFileReference; fileEncoding = 4; lastKnownFileType = sourcecode.c.h; path = lfg.h; sourceTree = "<group>"; };
		184FF7061FF48A95007D5826 /* log.h */ = {isa = PBXFileReference; fileEncoding = 4; lastKnownFileType = sourcecode.c.h; path = log.h; sourceTree = "<group>"; };
		184FF7071FF48A95007D5826 /* lzo.h */ = {isa = PBXFileReference; fileEncoding = 4; lastKnownFileType = sourcecode.c.h; path = lzo.h; sourceTree = "<group>"; };
		184FF7081FF48A95007D5826 /* macros.h */ = {isa = PBXFileReference; fileEncoding = 4; lastKnownFileType = sourcecode.c.h; path = macros.h; sourceTree = "<group>"; };
		184FF7091FF48A95007D5826 /* mastering_display_metadata.h */ = {isa = PBXFileReference; fileEncoding = 4; lastKnownFileType = sourcecode.c.h; path = mastering_display_metadata.h; sourceTree = "<group>"; };
		184FF70A1FF48A95007D5826 /* mathematics.h */ = {isa = PBXFileReference; fileEncoding = 4; lastKnownFileType = sourcecode.c.h; path = mathematics.h; sourceTree = "<group>"; };
		184FF70B1FF48A95007D5826 /* md5.h */ = {isa = PBXFileReference; fileEncoding = 4; lastKnownFileType = sourcecode.c.h; path = md5.h; sourceTree = "<group>"; };
		184FF70C1FF48A95007D5826 /* mem.h */ = {isa = PBXFileReference; fileEncoding = 4; lastKnownFileType = sourcecode.c.h; path = mem.h; sourceTree = "<group>"; };
		184FF70D1FF48A95007D5826 /* motion_vector.h */ = {isa = PBXFileReference; fileEncoding = 4; lastKnownFileType = sourcecode.c.h; path = motion_vector.h; sourceTree = "<group>"; };
		184FF70E1FF48A95007D5826 /* murmur3.h */ = {isa = PBXFileReference; fileEncoding = 4; lastKnownFileType = sourcecode.c.h; path = murmur3.h; sourceTree = "<group>"; };
		184FF70F1FF48A95007D5826 /* opt.h */ = {isa = PBXFileReference; fileEncoding = 4; lastKnownFileType = sourcecode.c.h; path = opt.h; sourceTree = "<group>"; };
		184FF7101FF48A95007D5826 /* parseutils.h */ = {isa = PBXFileReference; fileEncoding = 4; lastKnownFileType = sourcecode.c.h; path = parseutils.h; sourceTree = "<group>"; };
		184FF7111FF48A95007D5826 /* pixdesc.h */ = {isa = PBXFileReference; fileEncoding = 4; lastKnownFileType = sourcecode.c.h; path = pixdesc.h; sourceTree = "<group>"; };
		184FF7121FF48A95007D5826 /* pixelutils.h */ = {isa = PBXFileReference; fileEncoding = 4; lastKnownFileType = sourcecode.c.h; path = pixelutils.h; sourceTree = "<group>"; };
		184FF7131FF48A95007D5826 /* pixfmt.h */ = {isa = PBXFileReference; fileEncoding = 4; lastKnownFileType = sourcecode.c.h; path = pixfmt.h; sourceTree = "<group>"; };
		184FF7141FF48A95007D5826 /* random_seed.h */ = {isa = PBXFileReference; fileEncoding = 4; lastKnownFileType = sourcecode.c.h; path = random_seed.h; sourceTree = "<group>"; };
		184FF7151FF48A95007D5826 /* rational.h */ = {isa = PBXFileReference; fileEncoding = 4; lastKnownFileType = sourcecode.c.h; path = rational.h; sourceTree = "<group>"; };
		184FF7161FF48A95007D5826 /* rc4.h */ = {isa = PBXFileReference; fileEncoding = 4; lastKnownFileType = sourcecode.c.h; path = rc4.h; sourceTree = "<group>"; };
		184FF7171FF48A95007D5826 /* replaygain.h */ = {isa = PBXFileReference; fileEncoding = 4; lastKnownFileType = sourcecode.c.h; path = replaygain.h; sourceTree = "<group>"; };
		184FF7181FF48A95007D5826 /* ripemd.h */ = {isa = PBXFileReference; fileEncoding = 4; lastKnownFileType = sourcecode.c.h; path = ripemd.h; sourceTree = "<group>"; };
		184FF7191FF48A95007D5826 /* samplefmt.h */ = {isa = PBXFileReference; fileEncoding = 4; lastKnownFileType = sourcecode.c.h; path = samplefmt.h; sourceTree = "<group>"; };
		184FF71A1FF48A95007D5826 /* sha.h */ = {isa = PBXFileReference; fileEncoding = 4; lastKnownFileType = sourcecode.c.h; path = sha.h; sourceTree = "<group>"; };
		184FF71B1FF48A95007D5826 /* sha512.h */ = {isa = PBXFileReference; fileEncoding = 4; lastKnownFileType = sourcecode.c.h; path = sha512.h; sourceTree = "<group>"; };
		184FF71C1FF48A95007D5826 /* spherical.h */ = {isa = PBXFileReference; fileEncoding = 4; lastKnownFileType = sourcecode.c.h; path = spherical.h; sourceTree = "<group>"; };
		184FF71D1FF48A95007D5826 /* stereo3d.h */ = {isa = PBXFileReference; fileEncoding = 4; lastKnownFileType = sourcecode.c.h; path = stereo3d.h; sourceTree = "<group>"; };
		184FF71E1FF48A95007D5826 /* tea.h */ = {isa = PBXFileReference; fileEncoding = 4; lastKnownFileType = sourcecode.c.h; path = tea.h; sourceTree = "<group>"; };
		184FF71F1FF48A95007D5826 /* threadmessage.h */ = {isa = PBXFileReference; fileEncoding = 4; lastKnownFileType = sourcecode.c.h; path = threadmessage.h; sourceTree = "<group>"; };
		184FF7201FF48A95007D5826 /* time.h */ = {isa = PBXFileReference; fileEncoding = 4; lastKnownFileType = sourcecode.c.h; path = time.h; sourceTree = "<group>"; };
		184FF7211FF48A95007D5826 /* timecode.h */ = {isa = PBXFileReference; fileEncoding = 4; lastKnownFileType = sourcecode.c.h; path = timecode.h; sourceTree = "<group>"; };
		184FF7221FF48A95007D5826 /* timestamp.h */ = {isa = PBXFileReference; fileEncoding = 4; lastKnownFileType = sourcecode.c.h; path = timestamp.h; sourceTree = "<group>"; };
		184FF7231FF48A95007D5826 /* tree.h */ = {isa = PBXFileReference; fileEncoding = 4; lastKnownFileType = sourcecode.c.h; path = tree.h; sourceTree = "<group>"; };
		184FF7241FF48A95007D5826 /* twofish.h */ = {isa = PBXFileReference; fileEncoding = 4; lastKnownFileType = sourcecode.c.h; path = twofish.h; sourceTree = "<group>"; };
		184FF7251FF48A95007D5826 /* version.h */ = {isa = PBXFileReference; fileEncoding = 4; lastKnownFileType = sourcecode.c.h; path = version.h; sourceTree = "<group>"; };
		184FF7261FF48A95007D5826 /* xtea.h */ = {isa = PBXFileReference; fileEncoding = 4; lastKnownFileType = sourcecode.c.h; path = xtea.h; sourceTree = "<group>"; };
		184FF7281FF48A95007D5826 /* swresample.h */ = {isa = PBXFileReference; fileEncoding = 4; lastKnownFileType = sourcecode.c.h; path = swresample.h; sourceTree = "<group>"; };
		184FF7291FF48A95007D5826 /* version.h */ = {isa = PBXFileReference; fileEncoding = 4; lastKnownFileType = sourcecode.c.h; path = version.h; sourceTree = "<group>"; };
		184FF72B1FF48A95007D5826 /* swscale.h */ = {isa = PBXFileReference; fileEncoding = 4; lastKnownFileType = sourcecode.c.h; path = swscale.h; sourceTree = "<group>"; };
		184FF72C1FF48A95007D5826 /* version.h */ = {isa = PBXFileReference; fileEncoding = 4; lastKnownFileType = sourcecode.c.h; path = version.h; sourceTree = "<group>"; };
		184FF72E1FF48A95007D5826 /* libavcodec.a */ = {isa = PBXFileReference; lastKnownFileType = archive.ar; path = libavcodec.a; sourceTree = "<group>"; };
		184FF72F1FF48A95007D5826 /* libavdevice.a */ = {isa = PBXFileReference; lastKnownFileType = archive.ar; path = libavdevice.a; sourceTree = "<group>"; };
		184FF7301FF48A95007D5826 /* libavfilter.a */ = {isa = PBXFileReference; lastKnownFileType = archive.ar; path = libavfilter.a; sourceTree = "<group>"; };
		184FF7311FF48A95007D5826 /* libavformat.a */ = {isa = PBXFileReference; lastKnownFileType = archive.ar; path = libavformat.a; sourceTree = "<group>"; };
		184FF7321FF48A95007D5826 /* libavutil.a */ = {isa = PBXFileReference; lastKnownFileType = archive.ar; path = libavutil.a; sourceTree = "<group>"; };
		184FF7331FF48A95007D5826 /* libswresample.a */ = {isa = PBXFileReference; lastKnownFileType = archive.ar; path = libswresample.a; sourceTree = "<group>"; };
		184FF7341FF48A95007D5826 /* libswscale.a */ = {isa = PBXFileReference; lastKnownFileType = archive.ar; path = libswscale.a; sourceTree = "<group>"; };
		184FF7361FF48A95007D5826 /* libavcodec.pc */ = {isa = PBXFileReference; fileEncoding = 4; lastKnownFileType = text; path = libavcodec.pc; sourceTree = "<group>"; };
		184FF7371FF48A95007D5826 /* libavdevice.pc */ = {isa = PBXFileReference; fileEncoding = 4; lastKnownFileType = text; path = libavdevice.pc; sourceTree = "<group>"; };
		184FF7381FF48A95007D5826 /* libavfilter.pc */ = {isa = PBXFileReference; fileEncoding = 4; lastKnownFileType = text; path = libavfilter.pc; sourceTree = "<group>"; };
		184FF7391FF48A95007D5826 /* libavformat.pc */ = {isa = PBXFileReference; fileEncoding = 4; lastKnownFileType = text; path = libavformat.pc; sourceTree = "<group>"; };
		184FF73A1FF48A95007D5826 /* libavutil.pc */ = {isa = PBXFileReference; fileEncoding = 4; lastKnownFileType = text; path = libavutil.pc; sourceTree = "<group>"; };
		184FF73B1FF48A95007D5826 /* libswresample.pc */ = {isa = PBXFileReference; fileEncoding = 4; lastKnownFileType = text; path = libswresample.pc; sourceTree = "<group>"; };
		184FF73C1FF48A95007D5826 /* libswscale.pc */ = {isa = PBXFileReference; fileEncoding = 4; lastKnownFileType = text; path = libswscale.pc; sourceTree = "<group>"; };
		184FF74B1FF48B22007D5826 /* TFLocalMp4ViewController.h */ = {isa = PBXFileReference; fileEncoding = 4; lastKnownFileType = sourcecode.c.h; path = TFLocalMp4ViewController.h; sourceTree = "<group>"; };
		184FF74C1FF48B22007D5826 /* TFLocalMp4ViewController.m */ = {isa = PBXFileReference; fileEncoding = 4; lastKnownFileType = sourcecode.c.objc; path = TFLocalMp4ViewController.m; sourceTree = "<group>"; };
		184FF7501FF48BC0007D5826 /* game.mp4 */ = {isa = PBXFileReference; lastKnownFileType = file; path = game.mp4; sourceTree = "<group>"; };
		184FF7531FF4A190007D5826 /* DebugFuncs.h */ = {isa = PBXFileReference; lastKnownFileType = sourcecode.c.h; path = DebugFuncs.h; sourceTree = "<group>"; };
		185EB32E1FF5CD22001E37F7 /* TFMediaPlayerTests.xctest */ = {isa = PBXFileReference; explicitFileType = wrapper.cfbundle; includeInIndex = 0; path = TFMediaPlayerTests.xctest; sourceTree = BUILT_PRODUCTS_DIR; };
		185EB3301FF5CD22001E37F7 /* TFMediaPlayerTests.mm */ = {isa = PBXFileReference; lastKnownFileType = sourcecode.cpp.objcpp; path = TFMediaPlayerTests.mm; sourceTree = "<group>"; };
		185EB3321FF5CD22001E37F7 /* Info.plist */ = {isa = PBXFileReference; lastKnownFileType = text.plist.xml; path = Info.plist; sourceTree = "<group>"; };
		18C66D951FF0F1F6002BFBBC /* TFMediaPlayer.app */ = {isa = PBXFileReference; explicitFileType = wrapper.application; includeInIndex = 0; path = TFMediaPlayer.app; sourceTree = BUILT_PRODUCTS_DIR; };
		18C66D991FF0F1F6002BFBBC /* main.m */ = {isa = PBXFileReference; lastKnownFileType = sourcecode.c.objc; path = main.m; sourceTree = "<group>"; };
		18C66D9B1FF0F1F6002BFBBC /* AppDelegate.h */ = {isa = PBXFileReference; lastKnownFileType = sourcecode.c.h; path = AppDelegate.h; sourceTree = "<group>"; };
		18C66D9C1FF0F1F6002BFBBC /* AppDelegate.m */ = {isa = PBXFileReference; lastKnownFileType = sourcecode.c.objc; path = AppDelegate.m; sourceTree = "<group>"; };
		18C66DA21FF0F1F6002BFBBC /* Base */ = {isa = PBXFileReference; lastKnownFileType = file.storyboard; name = Base; path = Base.lproj/Main.storyboard; sourceTree = "<group>"; };
		18C66DA41FF0F1F6002BFBBC /* Assets.xcassets */ = {isa = PBXFileReference; lastKnownFileType = folder.assetcatalog; path = Assets.xcassets; sourceTree = "<group>"; };
		18C66DA71FF0F1F6002BFBBC /* Base */ = {isa = PBXFileReference; lastKnownFileType = file.storyboard; name = Base; path = Base.lproj/LaunchScreen.storyboard; sourceTree = "<group>"; };
		18C66DA91FF0F1F6002BFBBC /* Info.plist */ = {isa = PBXFileReference; lastKnownFileType = text.plist.xml; path = Info.plist; sourceTree = "<group>"; };
		18C66DC71FF0F5A2002BFBBC /* PlayController.cpp */ = {isa = PBXFileReference; fileEncoding = 4; lastKnownFileType = sourcecode.cpp.cpp; path = PlayController.cpp; sourceTree = "<group>"; };
		18C66DC81FF0F5A2002BFBBC /* PlayController.hpp */ = {isa = PBXFileReference; fileEncoding = 4; lastKnownFileType = sourcecode.cpp.h; path = PlayController.hpp; sourceTree = "<group>"; };
		18C66DCD1FF0F84B002BFBBC /* ExampleMenuViewController.h */ = {isa = PBXFileReference; fileEncoding = 4; lastKnownFileType = sourcecode.c.h; path = ExampleMenuViewController.h; sourceTree = "<group>"; };
		18C66DCE1FF0F84B002BFBBC /* ExampleMenuViewController.m */ = {isa = PBXFileReference; fileEncoding = 4; lastKnownFileType = sourcecode.c.objc; path = ExampleMenuViewController.m; sourceTree = "<group>"; };
		18C66DD01FF0F96F002BFBBC /* TFNetMp4PlayViewController.h */ = {isa = PBXFileReference; fileEncoding = 4; lastKnownFileType = sourcecode.c.h; path = TFNetMp4PlayViewController.h; sourceTree = "<group>"; };
		18C66DD11FF0F96F002BFBBC /* TFNetMp4PlayViewController.m */ = {isa = PBXFileReference; fileEncoding = 4; lastKnownFileType = sourcecode.c.objc; path = TFNetMp4PlayViewController.m; sourceTree = "<group>"; };
/* End PBXFileReference section */

/* Begin PBXFrameworksBuildPhase section */
		185EB32B1FF5CD22001E37F7 /* Frameworks */ = {
			isa = PBXFrameworksBuildPhase;
			buildActionMask = 2147483647;
			files = (
			);
			runOnlyForDeploymentPostprocessing = 0;
		};
		18C66D921FF0F1F6002BFBBC /* Frameworks */ = {
			isa = PBXFrameworksBuildPhase;
			buildActionMask = 2147483647;
			files = (
				180FA5011FF4CB9600AFB5F9 /* AudioToolbox.framework in Frameworks */,
				180FA4FF1FF4CB4400AFB5F9 /* GLKit.framework in Frameworks */,
				180FA4FD1FF4CB3300AFB5F9 /* AVFoundation.framework in Frameworks */,
				180FA4F81FF4CA3600AFB5F9 /* CoreMedia.framework in Frameworks */,
				180FA4F61FF4CA3000AFB5F9 /* VideoToolbox.framework in Frameworks */,
				180FA4F41FF4CA2400AFB5F9 /* OpenGLES.framework in Frameworks */,
				180FA4F21FF4CA1E00AFB5F9 /* MobileCoreServices.framework in Frameworks */,
				180FA4F01FF4CA1700AFB5F9 /* CoreAudio.framework in Frameworks */,
				180FA4EE1FF4CA0D00AFB5F9 /* CoreVideo.framework in Frameworks */,
				180FA4FB1FF4CB2700AFB5F9 /* libiconv.tbd in Frameworks */,
				180FA4EC1FF4CA0700AFB5F9 /* libbz2.tbd in Frameworks */,
				180FA4EA1FF4C9FE00AFB5F9 /* libz.tbd in Frameworks */,
				184FF7411FF48A95007D5826 /* libavutil.a in Frameworks */,
				184FF7431FF48A95007D5826 /* libswscale.a in Frameworks */,
				184FF73F1FF48A95007D5826 /* libavfilter.a in Frameworks */,
				184FF73E1FF48A95007D5826 /* libavdevice.a in Frameworks */,
				184FF73D1FF48A95007D5826 /* libavcodec.a in Frameworks */,
				184FF7421FF48A95007D5826 /* libswresample.a in Frameworks */,
				184FF7401FF48A95007D5826 /* libavformat.a in Frameworks */,
			);
			runOnlyForDeploymentPostprocessing = 0;
		};
/* End PBXFrameworksBuildPhase section */

/* Begin PBXGroup section */
		180FA4E81FF4C9FE00AFB5F9 /* Frameworks */ = {
			isa = PBXGroup;
			children = (
				180FA5001FF4CB9600AFB5F9 /* AudioToolbox.framework */,
				180FA4FE1FF4CB4400AFB5F9 /* GLKit.framework */,
				180FA4FC1FF4CB3300AFB5F9 /* AVFoundation.framework */,
				180FA4FA1FF4CB2700AFB5F9 /* libiconv.tbd */,
				180FA4F71FF4CA3600AFB5F9 /* CoreMedia.framework */,
				180FA4F51FF4CA3000AFB5F9 /* VideoToolbox.framework */,
				180FA4F31FF4CA2400AFB5F9 /* OpenGLES.framework */,
				180FA4F11FF4CA1E00AFB5F9 /* MobileCoreServices.framework */,
				180FA4EF1FF4CA1700AFB5F9 /* CoreAudio.framework */,
				180FA4ED1FF4CA0D00AFB5F9 /* CoreVideo.framework */,
				180FA4EB1FF4CA0700AFB5F9 /* libbz2.tbd */,
				180FA4E91FF4C9FE00AFB5F9 /* libz.tbd */,
			);
			name = Frameworks;
			sourceTree = "<group>";
		};
		18415A1F1FF61200007095AC /* Platform */ = {
			isa = PBXGroup;
			children = (
				18415A201FF6130D007095AC /* iOS */,
			);
			path = Platform;
			sourceTree = "<group>";
		};
		18415A201FF6130D007095AC /* iOS */ = {
			isa = PBXGroup;
			children = (
				18415A361FF64126007095AC /* TFMediaPlayer.h */,
				18415A371FF64126007095AC /* TFMediaPlayer.mm */,
				18415A211FF6130D007095AC /* OpenGLES */,
			);
			path = iOS;
			sourceTree = "<group>";
		};
		18415A211FF6130D007095AC /* OpenGLES */ = {
			isa = PBXGroup;
			children = (
				18415A221FF6130D007095AC /* frameDisplay.fs */,
				18415A231FF6130D007095AC /* frameDisplay.vs */,
				18415A241FF6130D007095AC /* TFGLView.h */,
				18415A251FF6130D007095AC /* TFGLView.m */,
				18415A261FF6130D007095AC /* TFOPGLESDisplayView.h */,
				18415A271FF6130D007095AC /* TFOPGLESDisplayView.mm */,
				18415A281FF6130D007095AC /* TFOPGLProgram.cpp */,
				18415A291FF6130D007095AC /* TFOPGLProgram.hpp */,
			);
			path = OpenGLES;
			sourceTree = "<group>";
		};
		184FF6BA1FF48A95007D5826 /* FFmpeg */ = {
			isa = PBXGroup;
			children = (
				184FF6BB1FF48A95007D5826 /* include */,
				184FF72D1FF48A95007D5826 /* lib */,
			);
			path = FFmpeg;
			sourceTree = "<group>";
		};
		184FF6BB1FF48A95007D5826 /* include */ = {
			isa = PBXGroup;
			children = (
				184FF6BC1FF48A95007D5826 /* libavcodec */,
				184FF6CE1FF48A95007D5826 /* libavdevice */,
				184FF6D11FF48A95007D5826 /* libavfilter */,
				184FF6D71FF48A95007D5826 /* libavformat */,
				184FF6DB1FF48A95007D5826 /* libavutil */,
				184FF7271FF48A95007D5826 /* libswresample */,
				184FF72A1FF48A95007D5826 /* libswscale */,
			);
			path = include;
			sourceTree = "<group>";
		};
		184FF6BC1FF48A95007D5826 /* libavcodec */ = {
			isa = PBXGroup;
			children = (
				184FF6BD1FF48A95007D5826 /* avcodec.h */,
				184FF6BE1FF48A95007D5826 /* avdct.h */,
				184FF6BF1FF48A95007D5826 /* avfft.h */,
				184FF6C01FF48A95007D5826 /* d3d11va.h */,
				184FF6C11FF48A95007D5826 /* dirac.h */,
				184FF6C21FF48A95007D5826 /* dv_profile.h */,
				184FF6C31FF48A95007D5826 /* dxva2.h */,
				184FF6C41FF48A95007D5826 /* jni.h */,
				184FF6C51FF48A95007D5826 /* mediacodec.h */,
				184FF6C61FF48A95007D5826 /* qsv.h */,
				184FF6C71FF48A95007D5826 /* vaapi.h */,
				184FF6C81FF48A95007D5826 /* vda.h */,
				184FF6C91FF48A95007D5826 /* vdpau.h */,
				184FF6CA1FF48A95007D5826 /* version.h */,
				184FF6CB1FF48A95007D5826 /* videotoolbox.h */,
				184FF6CC1FF48A95007D5826 /* vorbis_parser.h */,
				184FF6CD1FF48A95007D5826 /* xvmc.h */,
			);
			path = libavcodec;
			sourceTree = "<group>";
		};
		184FF6CE1FF48A95007D5826 /* libavdevice */ = {
			isa = PBXGroup;
			children = (
				184FF6CF1FF48A95007D5826 /* avdevice.h */,
				184FF6D01FF48A95007D5826 /* version.h */,
			);
			path = libavdevice;
			sourceTree = "<group>";
		};
		184FF6D11FF48A95007D5826 /* libavfilter */ = {
			isa = PBXGroup;
			children = (
				184FF6D21FF48A95007D5826 /* avfilter.h */,
				184FF6D31FF48A95007D5826 /* avfiltergraph.h */,
				184FF6D41FF48A95007D5826 /* buffersink.h */,
				184FF6D51FF48A95007D5826 /* buffersrc.h */,
				184FF6D61FF48A95007D5826 /* version.h */,
			);
			path = libavfilter;
			sourceTree = "<group>";
		};
		184FF6D71FF48A95007D5826 /* libavformat */ = {
			isa = PBXGroup;
			children = (
				184FF6D81FF48A95007D5826 /* avformat.h */,
				184FF6D91FF48A95007D5826 /* avio.h */,
				184FF6DA1FF48A95007D5826 /* version.h */,
			);
			path = libavformat;
			sourceTree = "<group>";
		};
		184FF6DB1FF48A95007D5826 /* libavutil */ = {
			isa = PBXGroup;
			children = (
				184FF6DC1FF48A95007D5826 /* adler32.h */,
				184FF6DD1FF48A95007D5826 /* aes.h */,
				184FF6DE1FF48A95007D5826 /* aes_ctr.h */,
				184FF6DF1FF48A95007D5826 /* attributes.h */,
				184FF6E01FF48A95007D5826 /* audio_fifo.h */,
				184FF6E11FF48A95007D5826 /* avassert.h */,
				184FF6E21FF48A95007D5826 /* avconfig.h */,
				184FF6E31FF48A95007D5826 /* avstring.h */,
				184FF6E41FF48A95007D5826 /* avutil.h */,
				184FF6E51FF48A95007D5826 /* base64.h */,
				184FF6E61FF48A95007D5826 /* blowfish.h */,
				184FF6E71FF48A95007D5826 /* bprint.h */,
				184FF6E81FF48A95007D5826 /* bswap.h */,
				184FF6E91FF48A95007D5826 /* buffer.h */,
				184FF6EA1FF48A95007D5826 /* camellia.h */,
				184FF6EB1FF48A95007D5826 /* cast5.h */,
				184FF6EC1FF48A95007D5826 /* channel_layout.h */,
				184FF6ED1FF48A95007D5826 /* common.h */,
				184FF6EE1FF48A95007D5826 /* cpu.h */,
				184FF6EF1FF48A95007D5826 /* crc.h */,
				184FF6F01FF48A95007D5826 /* des.h */,
				184FF6F11FF48A95007D5826 /* dict.h */,
				184FF6F21FF48A95007D5826 /* display.h */,
				184FF6F31FF48A95007D5826 /* downmix_info.h */,
				184FF6F41FF48A95007D5826 /* error.h */,
				184FF6F51FF48A95007D5826 /* eval.h */,
				184FF6F61FF48A95007D5826 /* ffversion.h */,
				184FF6F71FF48A95007D5826 /* fifo.h */,
				184FF6F81FF48A95007D5826 /* file.h */,
				184FF6F91FF48A95007D5826 /* frame.h */,
				184FF6FA1FF48A95007D5826 /* hash.h */,
				184FF6FB1FF48A95007D5826 /* hmac.h */,
				184FF6FC1FF48A95007D5826 /* hwcontext.h */,
				184FF6FD1FF48A95007D5826 /* hwcontext_cuda.h */,
				184FF6FE1FF48A95007D5826 /* hwcontext_dxva2.h */,
				184FF6FF1FF48A95007D5826 /* hwcontext_qsv.h */,
				184FF7001FF48A95007D5826 /* hwcontext_vaapi.h */,
				184FF7011FF48A95007D5826 /* hwcontext_vdpau.h */,
				184FF7021FF48A95007D5826 /* imgutils.h */,
				184FF7031FF48A95007D5826 /* intfloat.h */,
				184FF7041FF48A95007D5826 /* intreadwrite.h */,
				184FF7051FF48A95007D5826 /* lfg.h */,
				184FF7061FF48A95007D5826 /* log.h */,
				184FF7071FF48A95007D5826 /* lzo.h */,
				184FF7081FF48A95007D5826 /* macros.h */,
				184FF7091FF48A95007D5826 /* mastering_display_metadata.h */,
				184FF70A1FF48A95007D5826 /* mathematics.h */,
				184FF70B1FF48A95007D5826 /* md5.h */,
				184FF70C1FF48A95007D5826 /* mem.h */,
				184FF70D1FF48A95007D5826 /* motion_vector.h */,
				184FF70E1FF48A95007D5826 /* murmur3.h */,
				184FF70F1FF48A95007D5826 /* opt.h */,
				184FF7101FF48A95007D5826 /* parseutils.h */,
				184FF7111FF48A95007D5826 /* pixdesc.h */,
				184FF7121FF48A95007D5826 /* pixelutils.h */,
				184FF7131FF48A95007D5826 /* pixfmt.h */,
				184FF7141FF48A95007D5826 /* random_seed.h */,
				184FF7151FF48A95007D5826 /* rational.h */,
				184FF7161FF48A95007D5826 /* rc4.h */,
				184FF7171FF48A95007D5826 /* replaygain.h */,
				184FF7181FF48A95007D5826 /* ripemd.h */,
				184FF7191FF48A95007D5826 /* samplefmt.h */,
				184FF71A1FF48A95007D5826 /* sha.h */,
				184FF71B1FF48A95007D5826 /* sha512.h */,
				184FF71C1FF48A95007D5826 /* spherical.h */,
				184FF71D1FF48A95007D5826 /* stereo3d.h */,
				184FF71E1FF48A95007D5826 /* tea.h */,
				184FF71F1FF48A95007D5826 /* threadmessage.h */,
				184FF7201FF48A95007D5826 /* time.h */,
				184FF7211FF48A95007D5826 /* timecode.h */,
				184FF7221FF48A95007D5826 /* timestamp.h */,
				184FF7231FF48A95007D5826 /* tree.h */,
				184FF7241FF48A95007D5826 /* twofish.h */,
				184FF7251FF48A95007D5826 /* version.h */,
				184FF7261FF48A95007D5826 /* xtea.h */,
			);
			path = libavutil;
			sourceTree = "<group>";
		};
		184FF7271FF48A95007D5826 /* libswresample */ = {
			isa = PBXGroup;
			children = (
				184FF7281FF48A95007D5826 /* swresample.h */,
				184FF7291FF48A95007D5826 /* version.h */,
			);
			path = libswresample;
			sourceTree = "<group>";
		};
		184FF72A1FF48A95007D5826 /* libswscale */ = {
			isa = PBXGroup;
			children = (
				184FF72B1FF48A95007D5826 /* swscale.h */,
				184FF72C1FF48A95007D5826 /* version.h */,
			);
			path = libswscale;
			sourceTree = "<group>";
		};
		184FF72D1FF48A95007D5826 /* lib */ = {
			isa = PBXGroup;
			children = (
				184FF72E1FF48A95007D5826 /* libavcodec.a */,
				184FF72F1FF48A95007D5826 /* libavdevice.a */,
				184FF7301FF48A95007D5826 /* libavfilter.a */,
				184FF7311FF48A95007D5826 /* libavformat.a */,
				184FF7321FF48A95007D5826 /* libavutil.a */,
				184FF7331FF48A95007D5826 /* libswresample.a */,
				184FF7341FF48A95007D5826 /* libswscale.a */,
				184FF7351FF48A95007D5826 /* pkgconfig */,
			);
			path = lib;
			sourceTree = "<group>";
		};
		184FF7351FF48A95007D5826 /* pkgconfig */ = {
			isa = PBXGroup;
			children = (
				184FF7361FF48A95007D5826 /* libavcodec.pc */,
				184FF7371FF48A95007D5826 /* libavdevice.pc */,
				184FF7381FF48A95007D5826 /* libavfilter.pc */,
				184FF7391FF48A95007D5826 /* libavformat.pc */,
				184FF73A1FF48A95007D5826 /* libavutil.pc */,
				184FF73B1FF48A95007D5826 /* libswresample.pc */,
				184FF73C1FF48A95007D5826 /* libswscale.pc */,
			);
			path = pkgconfig;
			sourceTree = "<group>";
		};
		184FF74F1FF48BC0007D5826 /* Resources */ = {
			isa = PBXGroup;
			children = (
				184FF7501FF48BC0007D5826 /* game.mp4 */,
			);
			path = Resources;
			sourceTree = "<group>";
		};
		184FF7521FF4A15E007D5826 /* Utilities */ = {
			isa = PBXGroup;
			children = (
				184FF7531FF4A190007D5826 /* DebugFuncs.h */,
				180FA5051FF4DBA100AFB5F9 /* ThreadConvience.h */,
			);
			path = Utilities;
			sourceTree = "<group>";
		};
		185EB32F1FF5CD22001E37F7 /* TFMediaPlayerTests */ = {
			isa = PBXGroup;
			children = (
				185EB3301FF5CD22001E37F7 /* TFMediaPlayerTests.mm */,
				185EB3321FF5CD22001E37F7 /* Info.plist */,
			);
			path = TFMediaPlayerTests;
			sourceTree = "<group>";
		};
		18C66D8C1FF0F1F6002BFBBC = {
			isa = PBXGroup;
			children = (
				18C66D971FF0F1F6002BFBBC /* TFMediaPlayer */,
				185EB32F1FF5CD22001E37F7 /* TFMediaPlayerTests */,
				18C66D961FF0F1F6002BFBBC /* Products */,
				180FA4E81FF4C9FE00AFB5F9 /* Frameworks */,
			);
			sourceTree = "<group>";
		};
		18C66D961FF0F1F6002BFBBC /* Products */ = {
			isa = PBXGroup;
			children = (
				18C66D951FF0F1F6002BFBBC /* TFMediaPlayer.app */,
				185EB32E1FF5CD22001E37F7 /* TFMediaPlayerTests.xctest */,
			);
			name = Products;
			sourceTree = "<group>";
		};
		18C66D971FF0F1F6002BFBBC /* TFMediaPlayer */ = {
			isa = PBXGroup;
			children = (
				18C66DCD1FF0F84B002BFBBC /* ExampleMenuViewController.h */,
				18C66DCE1FF0F84B002BFBBC /* ExampleMenuViewController.m */,
				18C66DD01FF0F96F002BFBBC /* TFNetMp4PlayViewController.h */,
				18C66DD11FF0F96F002BFBBC /* TFNetMp4PlayViewController.m */,
				184FF74B1FF48B22007D5826 /* TFLocalMp4ViewController.h */,
				184FF74C1FF48B22007D5826 /* TFLocalMp4ViewController.m */,
				18C66DC21FF0F253002BFBBC /* Player */,
				184FF6BA1FF48A95007D5826 /* FFmpeg */,
				18C66D981FF0F1F6002BFBBC /* Supporting Files */,
				18415A191FF5D5F6007095AC /* UnitTest.h */,
				18415A1A1FF5D5F6007095AC /* UnitTest.mm */,
			);
			path = TFMediaPlayer;
			sourceTree = "<group>";
		};
		18C66D981FF0F1F6002BFBBC /* Supporting Files */ = {
			isa = PBXGroup;
			children = (
				184FF74F1FF48BC0007D5826 /* Resources */,
				18C66D9B1FF0F1F6002BFBBC /* AppDelegate.h */,
				18C66D9C1FF0F1F6002BFBBC /* AppDelegate.m */,
				18C66DA11FF0F1F6002BFBBC /* Main.storyboard */,
				18C66DA41FF0F1F6002BFBBC /* Assets.xcassets */,
				18C66DA61FF0F1F6002BFBBC /* LaunchScreen.storyboard */,
				18C66DA91FF0F1F6002BFBBC /* Info.plist */,
				18C66D991FF0F1F6002BFBBC /* main.m */,
			);
			name = "Supporting Files";
			sourceTree = "<group>";
		};
		18C66DC21FF0F253002BFBBC /* Player */ = {
			isa = PBXGroup;
			children = (
				18C66DC61FF0F515002BFBBC /* Core */,
				18415A1F1FF61200007095AC /* Platform */,
				184FF7521FF4A15E007D5826 /* Utilities */,
			);
			path = Player;
			sourceTree = "<group>";
		};
		18C66DC61FF0F515002BFBBC /* Core */ = {
			isa = PBXGroup;
			children = (
				18C66DC71FF0F5A2002BFBBC /* PlayController.cpp */,
				18C66DC81FF0F5A2002BFBBC /* PlayController.hpp */,
				180FA5021FF4D16800AFB5F9 /* Decoder.cpp */,
				180FA5031FF4D16800AFB5F9 /* Decoder.hpp */,
				18415A301FF62110007095AC /* DisplayController.cpp */,
				18415A311FF62110007095AC /* DisplayController.hpp */,
				18415A331FF62648007095AC /* SyncClock.cpp */,
				18415A341FF62648007095AC /* SyncClock.hpp */,
				180FA50A1FF4EA8200AFB5F9 /* RecycleBuffer.hpp */,
				18415A2F1FF61B90007095AC /* VideoFormat.h */,
			);
			path = Core;
			sourceTree = "<group>";
		};
/* End PBXGroup section */

/* Begin PBXNativeTarget section */
		185EB32D1FF5CD22001E37F7 /* TFMediaPlayerTests */ = {
			isa = PBXNativeTarget;
			buildConfigurationList = 185EB3351FF5CD22001E37F7 /* Build configuration list for PBXNativeTarget "TFMediaPlayerTests" */;
			buildPhases = (
				185EB32A1FF5CD22001E37F7 /* Sources */,
				185EB32B1FF5CD22001E37F7 /* Frameworks */,
				185EB32C1FF5CD22001E37F7 /* Resources */,
			);
			buildRules = (
			);
			dependencies = (
				185EB3341FF5CD22001E37F7 /* PBXTargetDependency */,
			);
			name = TFMediaPlayerTests;
			productName = TFMediaPlayerTests;
			productReference = 185EB32E1FF5CD22001E37F7 /* TFMediaPlayerTests.xctest */;
			productType = "com.apple.product-type.bundle.unit-test";
		};
		18C66D941FF0F1F6002BFBBC /* TFMediaPlayer */ = {
			isa = PBXNativeTarget;
			buildConfigurationList = 18C66DB71FF0F1F6002BFBBC /* Build configuration list for PBXNativeTarget "TFMediaPlayer" */;
			buildPhases = (
				18C66D911FF0F1F6002BFBBC /* Sources */,
				18C66D921FF0F1F6002BFBBC /* Frameworks */,
				18C66D931FF0F1F6002BFBBC /* Resources */,
			);
			buildRules = (
			);
			dependencies = (
			);
			name = TFMediaPlayer;
			productName = TFMediaPlayer;
			productReference = 18C66D951FF0F1F6002BFBBC /* TFMediaPlayer.app */;
			productType = "com.apple.product-type.application";
		};
/* End PBXNativeTarget section */

/* Begin PBXProject section */
		18C66D8D1FF0F1F6002BFBBC /* Project object */ = {
			isa = PBXProject;
			attributes = {
				LastUpgradeCheck = 0810;
				ORGANIZATIONNAME = shiwei;
				TargetAttributes = {
					185EB32D1FF5CD22001E37F7 = {
						CreatedOnToolsVersion = 8.1;
						DevelopmentTeam = UML9BQURX9;
						ProvisioningStyle = Automatic;
						TestTargetID = 18C66D941FF0F1F6002BFBBC;
					};
					18C66D941FF0F1F6002BFBBC = {
						CreatedOnToolsVersion = 8.1;
						DevelopmentTeam = UML9BQURX9;
						ProvisioningStyle = Automatic;
					};
				};
			};
			buildConfigurationList = 18C66D901FF0F1F6002BFBBC /* Build configuration list for PBXProject "TFMediaPlayer" */;
			compatibilityVersion = "Xcode 3.2";
			developmentRegion = English;
			hasScannedForEncodings = 0;
			knownRegions = (
				en,
				Base,
			);
			mainGroup = 18C66D8C1FF0F1F6002BFBBC;
			productRefGroup = 18C66D961FF0F1F6002BFBBC /* Products */;
			projectDirPath = "";
			projectRoot = "";
			targets = (
				18C66D941FF0F1F6002BFBBC /* TFMediaPlayer */,
				185EB32D1FF5CD22001E37F7 /* TFMediaPlayerTests */,
			);
		};
/* End PBXProject section */

/* Begin PBXResourcesBuildPhase section */
		185EB32C1FF5CD22001E37F7 /* Resources */ = {
			isa = PBXResourcesBuildPhase;
			buildActionMask = 2147483647;
			files = (
			);
			runOnlyForDeploymentPostprocessing = 0;
		};
		18C66D931FF0F1F6002BFBBC /* Resources */ = {
			isa = PBXResourcesBuildPhase;
			buildActionMask = 2147483647;
			files = (
				18C66DA81FF0F1F6002BFBBC /* LaunchScreen.storyboard in Resources */,
				18C66DA51FF0F1F6002BFBBC /* Assets.xcassets in Resources */,
				18C66DA31FF0F1F6002BFBBC /* Main.storyboard in Resources */,
				18415A2A1FF6130D007095AC /* frameDisplay.fs in Resources */,
				184FF7511FF48BC0007D5826 /* game.mp4 in Resources */,
				18415A2B1FF6130D007095AC /* frameDisplay.vs in Resources */,
			);
			runOnlyForDeploymentPostprocessing = 0;
		};
/* End PBXResourcesBuildPhase section */

/* Begin PBXSourcesBuildPhase section */
		185EB32A1FF5CD22001E37F7 /* Sources */ = {
			isa = PBXSourcesBuildPhase;
			buildActionMask = 2147483647;
			files = (
				185EB3311FF5CD22001E37F7 /* TFMediaPlayerTests.mm in Sources */,
			);
			runOnlyForDeploymentPostprocessing = 0;
		};
		18C66D911FF0F1F6002BFBBC /* Sources */ = {
			isa = PBXSourcesBuildPhase;
			buildActionMask = 2147483647;
			files = (
				18415A1B1FF5D5F6007095AC /* UnitTest.mm in Sources */,
				18415A351FF62648007095AC /* SyncClock.cpp in Sources */,
				18C66DC91FF0F5A2002BFBBC /* PlayController.cpp in Sources */,
				18415A381FF64126007095AC /* TFMediaPlayer.mm in Sources */,
				180FA5041FF4D16800AFB5F9 /* Decoder.cpp in Sources */,
				18C66D9D1FF0F1F6002BFBBC /* AppDelegate.m in Sources */,
				184FF74D1FF48B22007D5826 /* TFLocalMp4ViewController.m in Sources */,
				18415A2D1FF6130D007095AC /* TFOPGLESDisplayView.mm in Sources */,
				18415A321FF62110007095AC /* DisplayController.cpp in Sources */,
				18415A2C1FF6130D007095AC /* TFGLView.m in Sources */,
				18C66DCF1FF0F84B002BFBBC /* ExampleMenuViewController.m in Sources */,
				18415A2E1FF6130D007095AC /* TFOPGLProgram.cpp in Sources */,
				18C66DD21FF0F96F002BFBBC /* TFNetMp4PlayViewController.m in Sources */,
				18C66D9A1FF0F1F6002BFBBC /* main.m in Sources */,
			);
			runOnlyForDeploymentPostprocessing = 0;
		};
/* End PBXSourcesBuildPhase section */

/* Begin PBXTargetDependency section */
		185EB3341FF5CD22001E37F7 /* PBXTargetDependency */ = {
			isa = PBXTargetDependency;
			target = 18C66D941FF0F1F6002BFBBC /* TFMediaPlayer */;
			targetProxy = 185EB3331FF5CD22001E37F7 /* PBXContainerItemProxy */;
		};
/* End PBXTargetDependency section */

/* Begin PBXVariantGroup section */
		18C66DA11FF0F1F6002BFBBC /* Main.storyboard */ = {
			isa = PBXVariantGroup;
			children = (
				18C66DA21FF0F1F6002BFBBC /* Base */,
			);
			name = Main.storyboard;
			sourceTree = "<group>";
		};
		18C66DA61FF0F1F6002BFBBC /* LaunchScreen.storyboard */ = {
			isa = PBXVariantGroup;
			children = (
				18C66DA71FF0F1F6002BFBBC /* Base */,
			);
			name = LaunchScreen.storyboard;
			sourceTree = "<group>";
		};
/* End PBXVariantGroup section */

/* Begin XCBuildConfiguration section */
		185EB3361FF5CD22001E37F7 /* Debug */ = {
			isa = XCBuildConfiguration;
			buildSettings = {
				BUNDLE_LOADER = "$(TEST_HOST)";
				DEVELOPMENT_TEAM = UML9BQURX9;
				INFOPLIST_FILE = TFMediaPlayerTests/Info.plist;
				LD_RUNPATH_SEARCH_PATHS = "$(inherited) @executable_path/Frameworks @loader_path/Frameworks";
				PRODUCT_BUNDLE_IDENTIFIER = shiwei.TFMediaPlayerTests;
				PRODUCT_NAME = "$(TARGET_NAME)";
				TEST_HOST = "$(BUILT_PRODUCTS_DIR)/TFMediaPlayer.app/TFMediaPlayer";
			};
			name = Debug;
		};
		185EB3371FF5CD22001E37F7 /* Release */ = {
			isa = XCBuildConfiguration;
			buildSettings = {
				BUNDLE_LOADER = "$(TEST_HOST)";
				DEVELOPMENT_TEAM = UML9BQURX9;
				INFOPLIST_FILE = TFMediaPlayerTests/Info.plist;
				LD_RUNPATH_SEARCH_PATHS = "$(inherited) @executable_path/Frameworks @loader_path/Frameworks";
				PRODUCT_BUNDLE_IDENTIFIER = shiwei.TFMediaPlayerTests;
				PRODUCT_NAME = "$(TARGET_NAME)";
				TEST_HOST = "$(BUILT_PRODUCTS_DIR)/TFMediaPlayer.app/TFMediaPlayer";
			};
			name = Release;
		};
		18C66DB51FF0F1F6002BFBBC /* Debug */ = {
			isa = XCBuildConfiguration;
			buildSettings = {
				ALWAYS_SEARCH_USER_PATHS = NO;
				CLANG_ANALYZER_NONNULL = YES;
				CLANG_CXX_LANGUAGE_STANDARD = "gnu++0x";
				CLANG_CXX_LIBRARY = "libc++";
				CLANG_ENABLE_MODULES = YES;
				CLANG_ENABLE_OBJC_ARC = YES;
				CLANG_WARN_BOOL_CONVERSION = YES;
				CLANG_WARN_CONSTANT_CONVERSION = YES;
				CLANG_WARN_DIRECT_OBJC_ISA_USAGE = YES_ERROR;
				CLANG_WARN_DOCUMENTATION_COMMENTS = YES;
				CLANG_WARN_EMPTY_BODY = YES;
				CLANG_WARN_ENUM_CONVERSION = YES;
				CLANG_WARN_INFINITE_RECURSION = YES;
				CLANG_WARN_INT_CONVERSION = YES;
				CLANG_WARN_OBJC_ROOT_CLASS = YES_ERROR;
				CLANG_WARN_SUSPICIOUS_MOVES = YES;
				CLANG_WARN_UNREACHABLE_CODE = YES;
				CLANG_WARN__DUPLICATE_METHOD_MATCH = YES;
				"CODE_SIGN_IDENTITY[sdk=iphoneos*]" = "iPhone Developer";
				COPY_PHASE_STRIP = NO;
				DEBUG_INFORMATION_FORMAT = dwarf;
				ENABLE_STRICT_OBJC_MSGSEND = YES;
				ENABLE_TESTABILITY = YES;
				GCC_C_LANGUAGE_STANDARD = gnu99;
				GCC_DYNAMIC_NO_PIC = NO;
				GCC_NO_COMMON_BLOCKS = YES;
				GCC_OPTIMIZATION_LEVEL = 0;
				GCC_PREPROCESSOR_DEFINITIONS = (
					"DEBUG=1",
					"$(inherited)",
				);
				GCC_WARN_64_TO_32_BIT_CONVERSION = YES;
				GCC_WARN_ABOUT_RETURN_TYPE = YES_ERROR;
				GCC_WARN_UNDECLARED_SELECTOR = YES;
				GCC_WARN_UNINITIALIZED_AUTOS = YES_AGGRESSIVE;
				GCC_WARN_UNUSED_FUNCTION = YES;
				GCC_WARN_UNUSED_VARIABLE = YES;
				IPHONEOS_DEPLOYMENT_TARGET = 10.1;
				MTL_ENABLE_DEBUG_INFO = YES;
				ONLY_ACTIVE_ARCH = YES;
				SDKROOT = iphoneos;
				TARGETED_DEVICE_FAMILY = "1,2";
			};
			name = Debug;
		};
		18C66DB61FF0F1F6002BFBBC /* Release */ = {
			isa = XCBuildConfiguration;
			buildSettings = {
				ALWAYS_SEARCH_USER_PATHS = NO;
				CLANG_ANALYZER_NONNULL = YES;
				CLANG_CXX_LANGUAGE_STANDARD = "gnu++0x";
				CLANG_CXX_LIBRARY = "libc++";
				CLANG_ENABLE_MODULES = YES;
				CLANG_ENABLE_OBJC_ARC = YES;
				CLANG_WARN_BOOL_CONVERSION = YES;
				CLANG_WARN_CONSTANT_CONVERSION = YES;
				CLANG_WARN_DIRECT_OBJC_ISA_USAGE = YES_ERROR;
				CLANG_WARN_DOCUMENTATION_COMMENTS = YES;
				CLANG_WARN_EMPTY_BODY = YES;
				CLANG_WARN_ENUM_CONVERSION = YES;
				CLANG_WARN_INFINITE_RECURSION = YES;
				CLANG_WARN_INT_CONVERSION = YES;
				CLANG_WARN_OBJC_ROOT_CLASS = YES_ERROR;
				CLANG_WARN_SUSPICIOUS_MOVES = YES;
				CLANG_WARN_UNREACHABLE_CODE = YES;
				CLANG_WARN__DUPLICATE_METHOD_MATCH = YES;
				"CODE_SIGN_IDENTITY[sdk=iphoneos*]" = "iPhone Developer";
				COPY_PHASE_STRIP = NO;
				DEBUG_INFORMATION_FORMAT = "dwarf-with-dsym";
				ENABLE_NS_ASSERTIONS = NO;
				ENABLE_STRICT_OBJC_MSGSEND = YES;
				GCC_C_LANGUAGE_STANDARD = gnu99;
				GCC_NO_COMMON_BLOCKS = YES;
				GCC_WARN_64_TO_32_BIT_CONVERSION = YES;
				GCC_WARN_ABOUT_RETURN_TYPE = YES_ERROR;
				GCC_WARN_UNDECLARED_SELECTOR = YES;
				GCC_WARN_UNINITIALIZED_AUTOS = YES_AGGRESSIVE;
				GCC_WARN_UNUSED_FUNCTION = YES;
				GCC_WARN_UNUSED_VARIABLE = YES;
				IPHONEOS_DEPLOYMENT_TARGET = 10.1;
				MTL_ENABLE_DEBUG_INFO = NO;
				SDKROOT = iphoneos;
				TARGETED_DEVICE_FAMILY = "1,2";
				VALIDATE_PRODUCT = YES;
			};
			name = Release;
		};
		18C66DB81FF0F1F6002BFBBC /* Debug */ = {
			isa = XCBuildConfiguration;
			buildSettings = {
				ASSETCATALOG_COMPILER_APPICON_NAME = AppIcon;
				DEVELOPMENT_TEAM = UML9BQURX9;
				HEADER_SEARCH_PATHS = "$(SRCROOT)/TFMediaPlayer/FFmpeg/include";
				INFOPLIST_FILE = TFMediaPlayer/Info.plist;
				LD_RUNPATH_SEARCH_PATHS = "$(inherited) @executable_path/Frameworks";
				LIBRARY_SEARCH_PATHS = (
					"$(inherited)",
					"$(PROJECT_DIR)/TFMediaPlayer/FFmpeg/lib",
				);
				PRODUCT_BUNDLE_IDENTIFIER = shiwei.TFMediaPlayer;
				PRODUCT_NAME = "$(TARGET_NAME)";
			};
			name = Debug;
		};
		18C66DB91FF0F1F6002BFBBC /* Release */ = {
			isa = XCBuildConfiguration;
			buildSettings = {
				ASSETCATALOG_COMPILER_APPICON_NAME = AppIcon;
				DEVELOPMENT_TEAM = UML9BQURX9;
				HEADER_SEARCH_PATHS = "$(SRCROOT)/TFMediaPlayer/FFmpeg/include";
				INFOPLIST_FILE = TFMediaPlayer/Info.plist;
				LD_RUNPATH_SEARCH_PATHS = "$(inherited) @executable_path/Frameworks";
				LIBRARY_SEARCH_PATHS = (
					"$(inherited)",
					"$(PROJECT_DIR)/TFMediaPlayer/FFmpeg/lib",
				);
				PRODUCT_BUNDLE_IDENTIFIER = shiwei.TFMediaPlayer;
				PRODUCT_NAME = "$(TARGET_NAME)";
			};
			name = Release;
		};
/* End XCBuildConfiguration section */

/* Begin XCConfigurationList section */
		185EB3351FF5CD22001E37F7 /* Build configuration list for PBXNativeTarget "TFMediaPlayerTests" */ = {
			isa = XCConfigurationList;
			buildConfigurations = (
				185EB3361FF5CD22001E37F7 /* Debug */,
				185EB3371FF5CD22001E37F7 /* Release */,
			);
			defaultConfigurationIsVisible = 0;
			defaultConfigurationName = Release;
		};
		18C66D901FF0F1F6002BFBBC /* Build configuration list for PBXProject "TFMediaPlayer" */ = {
			isa = XCConfigurationList;
			buildConfigurations = (
				18C66DB51FF0F1F6002BFBBC /* Debug */,
				18C66DB61FF0F1F6002BFBBC /* Release */,
			);
			defaultConfigurationIsVisible = 0;
			defaultConfigurationName = Release;
		};
		18C66DB71FF0F1F6002BFBBC /* Build configuration list for PBXNativeTarget "TFMediaPlayer" */ = {
			isa = XCConfigurationList;
			buildConfigurations = (
				18C66DB81FF0F1F6002BFBBC /* Debug */,
				18C66DB91FF0F1F6002BFBBC /* Release */,
			);
			defaultConfigurationIsVisible = 0;
			defaultConfigurationName = Release;
		};
/* End XCConfigurationList section */
	};
	rootObject = 18C66D8D1FF0F1F6002BFBBC /* Project object */;
}
